[[package]]
category = "main"
description = "A library for parsing ISO 8601 strings."
name = "aniso8601"
optional = false
python-versions = "*"
version = "9.0.1"

[package.extras]
dev = ["black", "coverage", "isort", "pre-commit", "pyenchant", "pylint"]

[[package]]
category = "main"
description = "Composable command line interface toolkit"
name = "click"
optional = false
python-versions = ">=3.6"
version = "8.0.1"

[package.dependencies]
colorama = "*"

[[package]]
category = "main"
description = "Cross-platform colored terminal text."
marker = "platform_system == \"Windows\""
name = "colorama"
optional = false
python-versions = ">=2.7, !=3.0.*, !=3.1.*, !=3.2.*, !=3.3.*, !=3.4.*"
version = "0.4.4"

[[package]]
category = "main"
description = "Dependency injection framework for Python"
name = "dependency-injector"
optional = false
python-versions = "*"
version = "4.34.2"

[package.dependencies]
six = ">=1.7.0,<=1.15.0"

[package.extras]
aiohttp = ["aiohttp"]
flask = ["flask"]
pydantic = ["pydantic"]
yaml = ["pyyaml"]

[[package]]
category = "main"
description = "A simple framework for building complex web applications."
name = "flask"
optional = false
python-versions = ">=3.6"
version = "2.0.1"

[package.dependencies]
Jinja2 = ">=3.0"
Werkzeug = ">=2.0"
click = ">=7.1.2"
itsdangerous = ">=2.0"

[package.extras]
async = ["asgiref (>=3.2)"]
dotenv = ["python-dotenv"]

[[package]]
category = "main"
description = "Simple framework for creating REST APIs"
name = "flask-restful"
optional = false
python-versions = "*"
version = "0.3.9"

[package.dependencies]
Flask = ">=0.8"
aniso8601 = ">=0.82"
pytz = "*"
six = ">=1.3.0"

[package.extras]
docs = ["sphinx"]

[[package]]
category = "main"
description = "Safely pass data to untrusted environments and back."
name = "itsdangerous"
optional = false
python-versions = ">=3.6"
version = "2.0.1"

[[package]]
category = "main"
description = "A very fast and expressive template engine."
name = "jinja2"
optional = false
python-versions = ">=3.6"
version = "3.0.1"

[package.dependencies]
MarkupSafe = ">=2.0"

[package.extras]
i18n = ["Babel (>=2.7)"]

[[package]]
category = "main"
description = "Safely add untrusted strings to HTML/XML markup."
name = "markupsafe"
optional = false
python-versions = ">=3.6"
version = "2.0.1"

[[package]]
category = "main"
description = "World timezone definitions, modern and historical"
name = "pytz"
optional = false
python-versions = "*"
version = "2021.1"

[[package]]
category = "main"
description = "Python 2 and 3 compatibility utilities"
name = "six"
optional = false
python-versions = ">=2.7, !=3.0.*, !=3.1.*, !=3.2.*"
version = "1.15.0"

[[package]]
category = "main"
description = "The comprehensive WSGI web application library."
name = "werkzeug"
optional = false
python-versions = ">=3.6"
version = "2.0.1"

[package.extras]
watchdog = ["watchdog"]

[metadata]
content-hash = "e80183a9b8ac1e40c4bb59186756004a9783675716b389dd7795b0839e5044f7"
python-versions = "^3.8"

[metadata.files]
aniso8601 = [
    {file = "aniso8601-9.0.1-py2.py3-none-any.whl", hash = "sha256:1d2b7ef82963909e93c4f24ce48d4de9e66009a21bf1c1e1c85bdd0812fe412f"},
    {file = "aniso8601-9.0.1.tar.gz", hash = "sha256:72e3117667eedf66951bb2d93f4296a56b94b078a8a95905a052611fb3f1b973"},
]
click = [
    {file = "click-8.0.1-py3-none-any.whl", hash = "sha256:fba402a4a47334742d782209a7c79bc448911afe1149d07bdabdf480b3e2f4b6"},
    {file = "click-8.0.1.tar.gz", hash = "sha256:8c04c11192119b1ef78ea049e0a6f0463e4c48ef00a30160c704337586f3ad7a"},
]
colorama = [
    {file = "colorama-0.4.4-py2.py3-none-any.whl", hash = "sha256:9f47eda37229f68eee03b24b9748937c7dc3868f906e8ba69fbcbdd3bc5dc3e2"},
    {file = "colorama-0.4.4.tar.gz", hash = "sha256:5941b2b48a20143d2267e95b1c2a7603ce057ee39fd88e7329b0c292aa16869b"},
]
dependency-injector = [
    {file = "dependency-injector-4.34.2.tar.gz", hash = "sha256:239d75f000d85753a41d919b60f25d6ec7f4b4b5a92ad9f0e3757b04d60d1a30"},
    {file = "dependency_injector-4.34.2-cp27-cp27m-macosx_10_9_x86_64.whl", hash = "sha256:4dcd6a83e5ebee2720b3091157813015cd4757c85f1e2cd94e99b0c69a44c146"},
    {file = "dependency_injector-4.34.2-cp27-cp27m-manylinux1_i686.whl", hash = "sha256:d298ce04064c603289031653126afd1afd3c6ba373072c8b52441a5935032301"},
    {file = "dependency_injector-4.34.2-cp27-cp27m-manylinux1_x86_64.whl", hash = "sha256:733de5901d3da2f1b478881133b533480e7681c79587def888f144daf5807af0"},
    {file = "dependency_injector-4.34.2-cp27-cp27m-manylinux2010_i686.whl", hash = "sha256:a9c3255ac5016d3a40fcc153683316ef2e8cec820fb2262e1d7e6376645b896b"},
    {file = "dependency_injector-4.34.2-cp27-cp27m-manylinux2010_x86_64.whl", hash = "sha256:cc3166c2ba421e4fa202de6c92bc243aa7ca3e622c972d2de136ab7c0c841b29"},
    {file = "dependency_injector-4.34.2-cp27-cp27mu-manylinux1_i686.whl", hash = "sha256:86007be9018d4644d78638188518ba7782915d8b440b5e29f58fc562590bc1ea"},
    {file = "dependency_injector-4.34.2-cp27-cp27mu-manylinux1_x86_64.whl", hash = "sha256:72927ba924c37df5f1c036124d1165d76e90e60cbd9bd13f568e3950fa795120"},
    {file = "dependency_injector-4.34.2-cp27-cp27mu-manylinux2010_i686.whl", hash = "sha256:816ecf117594915dcdafba19457b065416a193af46129ddf9194349e305e51e2"},
    {file = "dependency_injector-4.34.2-cp27-cp27mu-manylinux2010_x86_64.whl", hash = "sha256:5cde265bef03db6e2cb7d59e06598977b892383004616db62760c14f640f42ea"},
    {file = "dependency_injector-4.34.2-cp35-cp35m-macosx_10_9_x86_64.whl", hash = "sha256:8eb5cf73adfcdb6e2dc8dc6f0a61707ec72b3e2f7bbad03ce0358b006f1cedbd"},
    {file = "dependency_injector-4.34.2-cp35-cp35m-manylinux1_i686.whl", hash = "sha256:a167499f85589c2addcf3c811b1c09e7a7bceb7d4da97b82a7e4a6455c5f0bf0"},
    {file = "dependency_injector-4.34.2-cp35-cp35m-manylinux1_x86_64.whl", hash = "sha256:217637ed6b68ee1b6753adde5fa5206f256606f306932b446b75e606ca60976a"},
    {file = "dependency_injector-4.34.2-cp35-cp35m-manylinux2010_i686.whl", hash = "sha256:0e2a15a1cf474f3df4d4cde45145eb7f8756c5c9f65d946aeff857b2e179bfc6"},
    {file = "dependency_injector-4.34.2-cp35-cp35m-manylinux2010_x86_64.whl", hash = "sha256:45f38256405dc2d1d2fac7afc4bc7fcbf014a15892564977fbaa0415617a01ff"},
    {file = "dependency_injector-4.34.2-cp35-cp35m-manylinux2014_aarch64.whl", hash = "sha256:65727887db4fe4c1ee7191ef5972a2b421a1d7b28c3ccd8418ddcd133d73b71f"},
    {file = "dependency_injector-4.34.2-cp35-cp35m-win32.whl", hash = "sha256:9a78f070646f733eed912cce505300553ad2a05980f7635982c3a4e0180e036d"},
    {file = "dependency_injector-4.34.2-cp35-cp35m-win_amd64.whl", hash = "sha256:b9805f7cc5a5a1cf3290738082a8a4760c54bc85b7263b2c780f644a2a8a4871"},
    {file = "dependency_injector-4.34.2-cp36-cp36m-macosx_10_9_x86_64.whl", hash = "sha256:e1dab862a6226ba16f4a8c0090e8c680cdf661c8bf520c80b8930bd0567d4965"},
    {file = "dependency_injector-4.34.2-cp36-cp36m-manylinux1_i686.whl", hash = "sha256:f681152861b4d3a6e2086cb6e2d551693bdc477876cf11c94dc2365d1186c92a"},
    {file = "dependency_injector-4.34.2-cp36-cp36m-manylinux1_x86_64.whl", hash = "sha256:446aab9e2d675979e2ccd155d6b16da6c02d7a1ac48334aca7da2d7870a364e1"},
    {file = "dependency_injector-4.34.2-cp36-cp36m-manylinux2010_i686.whl", hash = "sha256:fc3422a84ea6afc17414910c856a0c31112d73b7cddb87fb61b061c0ec8e1f48"},
    {file = "dependency_injector-4.34.2-cp36-cp36m-manylinux2010_x86_64.whl", hash = "sha256:dc6103b89b6386ce6b14713d32dbb3a6ade938bea750cb8a743bd48d7fb8e527"},
    {file = "dependency_injector-4.34.2-cp36-cp36m-manylinux2014_aarch64.whl", hash = "sha256:4e13862525fe81b04e5f22046b1edaba0af4accce62f59d8efb04c7c83dadba4"},
    {file = "dependency_injector-4.34.2-cp36-cp36m-win32.whl", hash = "sha256:459cbede9253a946a6c9d92e9f4be73c49e55196897ee51caaa783ed47eac2d6"},
    {file = "dependency_injector-4.34.2-cp36-cp36m-win_amd64.whl", hash = "sha256:ad47a9c52ac71657aa11dbbc2e63eb66836fde417824b1b8c6eab09aed900675"},
    {file = "dependency_injector-4.34.2-cp37-cp37m-macosx_10_9_x86_64.whl", hash = "sha256:3613593217028fdb6d573af69d8bf2869d421faa663f59470386b5959829a662"},
    {file = "dependency_injector-4.34.2-cp37-cp37m-manylinux1_i686.whl", hash = "sha256:0b4e76ce332d0119bf20472a8944eb817e14d13187793a26bcfcb38ad829cfea"},
    {file = "dependency_injector-4.34.2-cp37-cp37m-manylinux1_x86_64.whl", hash = "sha256:0d4f2d21ef202339b0f0d974bbd1bd302e89827fa415cb9d4543b1d5ccf4c59e"},
    {file = "dependency_injector-4.34.2-cp37-cp37m-manylinux2010_i686.whl", hash = "sha256:d49a37f1530a1fd4b250b7c8346c2b93fb96d208433607a6ff1a224cf02ff3b2"},
    {file = "dependency_injector-4.34.2-cp37-cp37m-manylinux2010_x86_64.whl", hash = "sha256:1d714d7426e36ee197e171c3f6d6481afd4c547a3d947bdae1ff935934d07dbe"},
    {file = "dependency_injector-4.34.2-cp37-cp37m-manylinux2014_aarch64.whl", hash = "sha256:7f1f2feb1b71c2a62e11394f456911cae8bbf4f444c21a89a6064e7848cd8dde"},
    {file = "dependency_injector-4.34.2-cp37-cp37m-win32.whl", hash = "sha256:63cdd9d28d7cce8ae937947e2e88dc5af5d3e51eeaccb77afb84d01c1db895c9"},
    {file = "dependency_injector-4.34.2-cp37-cp37m-win_amd64.whl", hash = "sha256:e77f2db2399cd54e5fd2ee1bf4fad17c6c67643c678bbe8315fe893816161dd9"},
    {file = "dependency_injector-4.34.2-cp38-cp38-macosx_10_9_x86_64.whl", hash = "sha256:3a0386961e29305cac546929c936bcb41ca4c8f3b7ad6af2436e216497020bfd"},
    {file = "dependency_injector-4.34.2-cp38-cp38-manylinux1_i686.whl", hash = "sha256:427a4f8c20cc3dac86a91f32fba004f7f5805d376dc1c20db5ada2a871b23902"},
    {file = "dependency_injector-4.34.2-cp38-cp38-manylinux1_x86_64.whl", hash = "sha256:4fcc6b274e4ec15439943e22c817b2f066e41e231c5987842b209b2c5239972b"},
    {file = "dependency_injector-4.34.2-cp38-cp38-manylinux2010_i686.whl", hash = "sha256:38404039ffc357498b4aca0744934cdf2f3235eff796cdcc4571c56aa18efa15"},
    {file = "dependency_injector-4.34.2-cp38-cp38-manylinux2010_x86_64.whl", hash = "sha256:1c80a8b6d372ba3ecd8dd18f2a4fcd1e3d6555a9eac3fb4a447f099ae7efd2db"},
    {file = "dependency_injector-4.34.2-cp38-cp38-manylinux2014_aarch64.whl", hash = "sha256:cf3e0d24cbecdddd3a8053dc063b31681ee19a9826c16226617ba1b51ae7ebc7"},
    {file = "dependency_injector-4.34.2-cp38-cp38-win32.whl", hash = "sha256:fc5849ded90d487c786f5a2f0cdb8e4dfec2a42328defe3b1eb94eecf1b1cbb5"},
    {file = "dependency_injector-4.34.2-cp38-cp38-win_amd64.whl", hash = "sha256:78c1d508cab795ed5bd4c10a9b4204f7164215a4aed2687d60b1f7116a2ac3f5"},
    {file = "dependency_injector-4.34.2-cp39-cp39-macosx_10_9_x86_64.whl", hash = "sha256:5b7f961ba30f67eb3c64cced2f7db3bffa4e69d3607b6c625d377b4f065ceb68"},
    {file = "dependency_injector-4.34.2-cp39-cp39-manylinux1_i686.whl", hash = "sha256:a94ab078ea8dc0ec4abb14b6b0c237d1c3edee359797db74d7c0f4aa6f393604"},
    {file = "dependency_injector-4.34.2-cp39-cp39-manylinux1_x86_64.whl", hash = "sha256:8f3084503d5a74cacb8f0ef3dc2212c0ddf8f90839f67213fe0a667e1b488d91"},
    {file = "dependency_injector-4.34.2-cp39-cp39-manylinux2010_i686.whl", hash = "sha256:928f1f56489edee9a53f3a9e0f5db6b7328df16aa8a444443fc9f46453b83b01"},
    {file = "dependency_injector-4.34.2-cp39-cp39-manylinux2010_x86_64.whl", hash = "sha256:7447c1fa3ae012296be2cdaee54a7ab269a8410e55fc1edfc2d46715de1be695"},
    {file = "dependency_injector-4.34.2-cp39-cp39-manylinux2014_aarch64.whl", hash = "sha256:94c58fc33624a2f805be7f373123d4c6e02d3b49e848ab0cb25e893f9eadb0b4"},
    {file = "dependency_injector-4.34.2-cp39-cp39-win32.whl", hash = "sha256:8e34d6ea334526b3c541cb48cda66c4c8bce7594cc037a06bc3c02d54abcd72f"},
    {file = "dependency_injector-4.34.2-cp39-cp39-win_amd64.whl", hash = "sha256:bce7ae7e1f16bda3fb68c7dc8f63edb6e6cd50417042b2e41f7647511beefb57"},
    {file = "dependency_injector-4.34.2-pp27-pypy_73-macosx_10_9_x86_64.whl", hash = "sha256:258bfa6237ad88c8ddbde19f2956f330ba1bf689e35854c3953aa80023aaf181"},
    {file = "dependency_injector-4.34.2-pp27-pypy_73-manylinux1_x86_64.whl", hash = "sha256:c14e34a23cc1ef390e1f7b85a09a0d278cc21ed41555bd3b5d6ac1149b8c0619"},
    {file = "dependency_injector-4.34.2-pp27-pypy_73-manylinux2010_x86_64.whl", hash = "sha256:d45a8267ac393cc994c7b2155bc4e0d313ff6e6fd630aad33be1933bfa3a3a48"},
    {file = "dependency_injector-4.34.2-pp27-pypy_73-win32.whl", hash = "sha256:acc0e738705fa7ab59c883bea6fd756ea290ebed71ff99704ede41b40f60459a"},
    {file = "dependency_injector-4.34.2-pp36-pypy36_pp73-macosx_10_9_x86_64.whl", hash = "sha256:37059ec2cd84d4de4c08ffd46c73744abaaa987a964295a5fc477de168464503"},
    {file = "dependency_injector-4.34.2-pp36-pypy36_pp73-manylinux1_x86_64.whl", hash = "sha256:91d86ad6bd4a7c59ec84a6cf11856651e814d5f7d0ea2e26491e3b17fbbe7df5"},
    {file = "dependency_injector-4.34.2-pp36-pypy36_pp73-manylinux2010_x86_64.whl", hash = "sha256:081a39c9473e2e833d8cfacc678d6bf0491940cf0bfd65b0683494e5bd00721a"},
    {file = "dependency_injector-4.34.2-pp36-pypy36_pp73-win32.whl", hash = "sha256:8db9a85c272b61df49a6e285dceb37801d2fae7bd55d8737e2257047e49a475a"},
    {file = "dependency_injector-4.34.2-pp37-pypy37_pp73-macosx_10_9_x86_64.whl", hash = "sha256:988935920f36a767d1b87e5cbfe21995fe3d43b2b551a8c9f1257b6826a47071"},
    {file = "dependency_injector-4.34.2-pp37-pypy37_pp73-manylinux1_x86_64.whl", hash = "sha256:6a76402cc5c3d1cde79b8abec8eb154b6d561ed81b1229e0bcfd7d8f42231e16"},
    {file = "dependency_injector-4.34.2-pp37-pypy37_pp73-manylinux2010_x86_64.whl", hash = "sha256:e1a209314d3efbc8eaa76f7f8560b46d2ef2ee6b2760ff9674f056842836650c"},
    {file = "dependency_injector-4.34.2-pp37-pypy37_pp73-win32.whl", hash = "sha256:d63202cccc3035a93df4552388c255a8985f134c801be313008711245e47bf2a"},
]
flask = [
    {file = "Flask-2.0.1-py3-none-any.whl", hash = "sha256:a6209ca15eb63fc9385f38e452704113d679511d9574d09b2cf9183ae7d20dc9"},
    {file = "Flask-2.0.1.tar.gz", hash = "sha256:1c4c257b1892aec1398784c63791cbaa43062f1f7aeb555c4da961b20ee68f55"},
]
flask-restful = [
    {file = "Flask-RESTful-0.3.9.tar.gz", hash = "sha256:ccec650b835d48192138c85329ae03735e6ced58e9b2d9c2146d6c84c06fa53e"},
    {file = "Flask_RESTful-0.3.9-py2.py3-none-any.whl", hash = "sha256:4970c49b6488e46c520b325f54833374dc2b98e211f1b272bd4b0c516232afe2"},
]
itsdangerous = [
    {file = "itsdangerous-2.0.1-py3-none-any.whl", hash = "sha256:5174094b9637652bdb841a3029700391451bd092ba3db90600dea710ba28e97c"},
    {file = "itsdangerous-2.0.1.tar.gz", hash = "sha256:9e724d68fc22902a1435351f84c3fb8623f303fffcc566a4cb952df8c572cff0"},
]
jinja2 = [
    {file = "Jinja2-3.0.1-py3-none-any.whl", hash = "sha256:1f06f2da51e7b56b8f238affdd6b4e2c61e39598a378cc49345bc1bd42a978a4"},
    {file = "Jinja2-3.0.1.tar.gz", hash = "sha256:703f484b47a6af502e743c9122595cc812b0271f661722403114f71a79d0f5a4"},
]
markupsafe = [
    {file = "MarkupSafe-2.0.1-cp36-cp36m-macosx_10_9_x86_64.whl", hash = "sha256:f9081981fe268bd86831e5c75f7de206ef275defcb82bc70740ae6dc507aee51"},
    {file = "MarkupSafe-2.0.1-cp36-cp36m-manylinux1_i686.whl", hash = "sha256:0955295dd5eec6cb6cc2fe1698f4c6d84af2e92de33fbcac4111913cd100a6ff"},
    {file = "MarkupSafe-2.0.1-cp36-cp36m-manylinux1_x86_64.whl", hash = "sha256:0446679737af14f45767963a1a9ef7620189912317d095f2d9ffa183a4d25d2b"},
    {file = "MarkupSafe-2.0.1-cp36-cp36m-manylinux2010_i686.whl", hash = "sha256:f826e31d18b516f653fe296d967d700fddad5901ae07c622bb3705955e1faa94"},
    {file = "MarkupSafe-2.0.1-cp36-cp36m-manylinux2010_x86_64.whl", hash = "sha256:fa130dd50c57d53368c9d59395cb5526eda596d3ffe36666cd81a44d56e48872"},
    {file = "MarkupSafe-2.0.1-cp36-cp36m-manylinux2014_aarch64.whl", hash = "sha256:905fec760bd2fa1388bb5b489ee8ee5f7291d692638ea5f67982d968366bef9f"},
    {file = "MarkupSafe-2.0.1-cp36-cp36m-win32.whl", hash = "sha256:6c4ca60fa24e85fe25b912b01e62cb969d69a23a5d5867682dd3e80b5b02581d"},
    {file = "MarkupSafe-2.0.1-cp36-cp36m-win_amd64.whl", hash = "sha256:b2f4bf27480f5e5e8ce285a8c8fd176c0b03e93dcc6646477d4630e83440c6a9"},
    {file = "MarkupSafe-2.0.1-cp37-cp37m-macosx_10_9_x86_64.whl", hash = "sha256:0717a7390a68be14b8c793ba258e075c6f4ca819f15edfc2a3a027c823718567"},
    {file = "MarkupSafe-2.0.1-cp37-cp37m-manylinux1_i686.whl", hash = "sha256:6557b31b5e2c9ddf0de32a691f2312a32f77cd7681d8af66c2692efdbef84c18"},
    {file = "MarkupSafe-2.0.1-cp37-cp37m-manylinux1_x86_64.whl", hash = "sha256:49e3ceeabbfb9d66c3aef5af3a60cc43b85c33df25ce03d0031a608b0a8b2e3f"},
    {file = "MarkupSafe-2.0.1-cp37-cp37m-manylinux2010_i686.whl", hash = "sha256:d7f9850398e85aba693bb640262d3611788b1f29a79f0c93c565694658f4071f"},
    {file = "MarkupSafe-2.0.1-cp37-cp37m-manylinux2010_x86_64.whl", hash = "sha256:6a7fae0dd14cf60ad5ff42baa2e95727c3d81ded453457771d02b7d2b3f9c0c2"},
    {file = "MarkupSafe-2.0.1-cp37-cp37m-manylinux2014_aarch64.whl", hash = "sha256:b7f2d075102dc8c794cbde1947378051c4e5180d52d276987b8d28a3bd58c17d"},
    {file = "MarkupSafe-2.0.1-cp37-cp37m-win32.whl", hash = "sha256:a30e67a65b53ea0a5e62fe23682cfe22712e01f453b95233b25502f7c61cb415"},
    {file = "MarkupSafe-2.0.1-cp37-cp37m-win_amd64.whl", hash = "sha256:611d1ad9a4288cf3e3c16014564df047fe08410e628f89805e475368bd304914"},
    {file = "MarkupSafe-2.0.1-cp38-cp38-macosx_10_9_x86_64.whl", hash = "sha256:be98f628055368795d818ebf93da628541e10b75b41c559fdf36d104c5787066"},
    {file = "MarkupSafe-2.0.1-cp38-cp38-manylinux1_i686.whl", hash = "sha256:1d609f577dc6e1aa17d746f8bd3c31aa4d258f4070d61b2aa5c4166c1539de35"},
    {file = "MarkupSafe-2.0.1-cp38-cp38-manylinux1_x86_64.whl", hash = "sha256:7d91275b0245b1da4d4cfa07e0faedd5b0812efc15b702576d103293e252af1b"},
    {file = "MarkupSafe-2.0.1-cp38-cp38-manylinux2010_i686.whl", hash = "sha256:01a9b8ea66f1658938f65b93a85ebe8bc016e6769611be228d797c9d998dd298"},
    {file = "MarkupSafe-2.0.1-cp38-cp38-manylinux2010_x86_64.whl", hash = "sha256:47ab1e7b91c098ab893b828deafa1203de86d0bc6ab587b160f78fe6c4011f75"},
    {file = "MarkupSafe-2.0.1-cp38-cp38-manylinux2014_aarch64.whl", hash = "sha256:97383d78eb34da7e1fa37dd273c20ad4320929af65d156e35a5e2d89566d9dfb"},
    {file = "MarkupSafe-2.0.1-cp38-cp38-win32.whl", hash = "sha256:023cb26ec21ece8dc3907c0e8320058b2e0cb3c55cf9564da612bc325bed5e64"},
    {file = "MarkupSafe-2.0.1-cp38-cp38-win_amd64.whl", hash = "sha256:984d76483eb32f1bcb536dc27e4ad56bba4baa70be32fa87152832cdd9db0833"},
    {file = "MarkupSafe-2.0.1-cp39-cp39-macosx_10_9_universal2.whl", hash = "sha256:2ef54abee730b502252bcdf31b10dacb0a416229b72c18b19e24a4509f273d26"},
    {file = "MarkupSafe-2.0.1-cp39-cp39-macosx_10_9_x86_64.whl", hash = "sha256:3c112550557578c26af18a1ccc9e090bfe03832ae994343cfdacd287db6a6ae7"},
    {file = "MarkupSafe-2.0.1-cp39-cp39-manylinux1_i686.whl", hash = "sha256:53edb4da6925ad13c07b6d26c2a852bd81e364f95301c66e930ab2aef5b5ddd8"},
    {file = "MarkupSafe-2.0.1-cp39-cp39-manylinux1_x86_64.whl", hash = "sha256:f5653a225f31e113b152e56f154ccbe59eeb1c7487b39b9d9f9cdb58e6c79dc5"},
    {file = "MarkupSafe-2.0.1-cp39-cp39-manylinux2010_i686.whl", hash = "sha256:4efca8f86c54b22348a5467704e3fec767b2db12fc39c6d963168ab1d3fc9135"},
    {file = "MarkupSafe-2.0.1-cp39-cp39-manylinux2010_x86_64.whl", hash = "sha256:ab3ef638ace319fa26553db0624c4699e31a28bb2a835c5faca8f8acf6a5a902"},
    {file = "MarkupSafe-2.0.1-cp39-cp39-manylinux2014_aarch64.whl", hash = "sha256:f8ba0e8349a38d3001fae7eadded3f6606f0da5d748ee53cc1dab1d6527b9509"},
    {file = "MarkupSafe-2.0.1-cp39-cp39-win32.whl", hash = "sha256:10f82115e21dc0dfec9ab5c0223652f7197feb168c940f3ef61563fc2d6beb74"},
    {file = "MarkupSafe-2.0.1-cp39-cp39-win_amd64.whl", hash = "sha256:693ce3f9e70a6cf7d2fb9e6c9d8b204b6b39897a2c4a1aa65728d5ac97dcc1d8"},
    {file = "MarkupSafe-2.0.1.tar.gz", hash = "sha256:594c67807fb16238b30c44bdf74f36c02cdf22d1c8cda91ef8a0ed8dabf5620a"},
]
pytz = [
    {file = "pytz-2021.1-py2.py3-none-any.whl", hash = "sha256:eb10ce3e7736052ed3623d49975ce333bcd712c7bb19a58b9e2089d4057d0798"},
    {file = "pytz-2021.1.tar.gz", hash = "sha256:83a4a90894bf38e243cf052c8b58f381bfe9a7a483f6a9cab140bc7f702ac4da"},
]
six = [
    {file = "six-1.15.0-py2.py3-none-any.whl", hash = "sha256:8b74bedcbbbaca38ff6d7491d76f2b06b3592611af620f8426e82dddb04a5ced"},
    {file = "six-1.15.0.tar.gz", hash = "sha256:30639c035cdb23534cd4aa2dd52c3bf48f06e5f4a941509c8bafd8ce11080259"},
]
werkzeug = [
    {file = "Werkzeug-2.0.1-py3-none-any.whl", hash = "sha256:6c1ec500dcdba0baa27600f6a22f6333d8b662d22027ff9f6202e3367413caa8"},
    {file = "Werkzeug-2.0.1.tar.gz", hash = "sha256:1de1db30d010ff1af14a009224ec49ab2329ad2cde454c8a708130642d579c42"},
]
